
Microsoft Visual Studio Solution File, Format Version 12.00
# Visual Studio Version 16
VisualStudioVersion = 16.0.32106.194
MinimumVisualStudioVersion = 10.0.40219.1
Project("{FAE04EC0-301F-11D3-BF4B-00C04F79EFBC}") = "KanbanBoard", "KanbanBoard\KanbanBoard.csproj", "{1580D1DD-1210-4ED0-8270-7D230145C0E8}"
EndProject
Project("{FAE04EC0-301F-11D3-BF4B-00C04F79EFBC}") = "KanbanBoard Library", "KanbanBoard Library\KanbanBoard Library.csproj", "{CC22FE16-C56A-4CA7-90E5-AAC8BE60FB27}"
EndProject
Global
	GlobalSection(SolutionConfigurationPlatforms) = preSolution
		Debug|Any CPU = Debug|Any CPU
		Release|Any CPU = Release|Any CPU
	EndGlobalSection
	GlobalSection(ProjectConfigurationPlatforms) = postSolution
		{1580D1DD-1210-4ED0-8270-7D230145C0E8}.Debug|Any CPU.ActiveCfg = Debug|Any CPU
		{1580D1DD-1210-4ED0-8270-7D230145C0E8}.Debug|Any CPU.Build.0 = Debug|Any CPU
		{1580D1DD-1210-4ED0-8270-7D230145C0E8}.Release|Any CPU.ActiveCfg = Release|Any CPU
		{1580D1DD-1210-4ED0-8270-7D230145C0E8}.Release|Any CPU.Build.0 = Release|Any CPU
		{CC22FE16-C56A-4CA7-90E5-AAC8BE60FB27}.Debug|Any CPU.ActiveCfg = Debug|Any CPU
		{CC22FE16-C56A-4CA7-90E5-AAC8BE60FB27}.Debug|Any CPU.Build.0 = Debug|Any CPU
		{CC22FE16-C56A-4CA7-90E5-AAC8BE60FB27}.Release|Any CPU.ActiveCfg = Release|Any CPU
		{CC22FE16-C56A-4CA7-90E5-AAC8BE60FB27}.Release|Any CPU.Build.0 = Release|Any CPU
	EndGlobalSection
	GlobalSection(SolutionProperties) = preSolution
		HideSolutionNode = FALSE
	EndGlobalSection
	GlobalSection(ExtensibilityGlobals) = postSolution
		SolutionGuid = {E7F3A610-EC9C-4AEE-8B1C-E7F3320A2082}
	EndGlobalSection
EndGlobal
